# This file is automatically @generated by Cargo.
# It is not intended for manual editing.
version = 4

[[package]]
name = "autocfg"
version = "1.5.0"
source = "registry+https://github.com/rust-lang/crates.io-index"
checksum = "c08606f8c3cbf4ce6ec8e28fb0014a2c086708fe954eaa885384a6165172e7e8"

[[package]]
name = "leif"
version = "0.1.0"
dependencies = [
 "memmap2",
 "ordered-float",
]

[[package]]
name = "libc"
version = "0.2.180"
source = "registry+https://github.com/rust-lang/crates.io-index"
checksum = "bcc35a38544a891a5f7c865aca548a982ccb3b8650a5b06d0fd33a10283c56fc"

[[package]]
name = "memmap2"
version = "0.9.9"
source = "registry+https://github.com/rust-lang/crates.io-index"
checksum = "744133e4a0e0a658e1374cf3bf8e415c4052a15a111acd372764c55b4177d490"
dependencies = [
 "libc",
]

[[package]]
name = "num-traits"
version = "0.2.19"
source = "registry+https://github.com/rust-lang/crates.io-index"
checksum = "071dfc062690e90b734c0b2273ce72ad0ffa95f0c74596bc250dcfd960262841"
dependencies = [
 "autocfg",
]

[[package]]
name = "ordered-float"
version = "4.6.0"
source = "registry+https://github.com/rust-lang/crates.io-index"
checksum = "7bb71e1b3fa6ca1c61f383464aaf2bb0e2f8e772a1f01d486832464de363b951"
dependencies = [
 "num-traits",
]
